
Microsoft Visual Studio Solution File, Format Version 12.00
# Visual Studio 2012
Project("{FAE04EC0-301F-11D3-BF4B-00C04F79EFBC}") = "AnhPresentacionDTEP", "AnhPresentacionDTEP\AnhPresentacionDTEP.csproj", "{BDADAFCC-95A5-48A8-8BE7-30FCCE2B463B}"
EndProject
Project("{2150E333-8FDC-42A3-9474-1A3956D46DE8}") = "01 Persistencia", "01 Persistencia", "{11B84E27-F3C4-4ADD-934C-CBE96327ACAA}"
EndProject
Project("{2150E333-8FDC-42A3-9474-1A3956D46DE8}") = "02 Servicios", "02 Servicios", "{EA017852-631B-4D77-8DCC-939001B87E9C}"
EndProject
Project("{2150E333-8FDC-42A3-9474-1A3956D46DE8}") = "03 Librerias", "03 Librerias", "{D865CD26-07A6-4F8E-B136-252069E940D4}"
EndProject
Project("{2150E333-8FDC-42A3-9474-1A3956D46DE8}") = "04 Presentacion", "04 Presentacion", "{0445A973-5D06-45FE-9F52-4A832CC5C33F}"
EndProject
Project("{FAE04EC0-301F-11D3-BF4B-00C04F79EFBC}") = "AnhPersistenciaCore", "AnhPersistenciaCore\AnhPersistenciaCore.csproj", "{0E120B05-23A5-4B69-8BBA-97CBA6034077}"
EndProject
Project("{FAE04EC0-301F-11D3-BF4B-00C04F79EFBC}") = "AnhServicioWebOctano", "AnhServicioWebOctano\AnhServicioWebOctano.csproj", "{67784A94-6AFB-4464-971E-BB31D6B31687}"
EndProject
Project("{FAE04EC0-301F-11D3-BF4B-00C04F79EFBC}") = "AnhAgenteServicios", "AnhAgenteServicios\AnhAgenteServicios.csproj", "{30A308E0-00C4-47E2-87FE-8CA277220672}"
EndProject
Project("{FAE04EC0-301F-11D3-BF4B-00C04F79EFBC}") = "AnhPruebaUnitaria", "AnhPruebaUnitaria\AnhPruebaUnitaria.csproj", "{9718A626-187B-4486-A7FE-9EF3F0A84581}"
EndProject
Project("{2150E333-8FDC-42A3-9474-1A3956D46DE8}") = "00 Modelo Negocio", "00 Modelo Negocio", "{0BE974B2-A725-4B17-993E-49D26861C1CB}"
EndProject
Project("{F088123C-0E9E-452A-89E6-6BA2F21D5CAC}") = "ModeloNegocio", "ModeloNegocio\ModeloNegocio.modelproj", "{FBC6415E-2BC4-41B2-BE37-2CAE5402DC75}"
EndProject
Project("{2150E333-8FDC-42A3-9474-1A3956D46DE8}") = "02 Servicios Integracion", "02 Servicios Integracion", "{BD3B981E-C084-42C4-8DA3-807B0AC47CBE}"
EndProject
Project("{FAE04EC0-301F-11D3-BF4B-00C04F79EFBC}") = "AnhServicioWebOctanoIntegracion", "..\..\OctanoV2\Back\AnhOctanoV2\AnhServicioWebOctano\AnhServicioWebOctanoIntegracion.csproj", "{30011EE1-2713-4BD1-8282-365355F5D4C6}"
EndProject
Global
	GlobalSection(SolutionConfigurationPlatforms) = preSolution
		Debug|Any CPU = Debug|Any CPU
		Release|Any CPU = Release|Any CPU
	EndGlobalSection
	GlobalSection(ProjectConfigurationPlatforms) = postSolution
		{BDADAFCC-95A5-48A8-8BE7-30FCCE2B463B}.Debug|Any CPU.ActiveCfg = Debug|Any CPU
		{BDADAFCC-95A5-48A8-8BE7-30FCCE2B463B}.Debug|Any CPU.Build.0 = Debug|Any CPU
		{BDADAFCC-95A5-48A8-8BE7-30FCCE2B463B}.Release|Any CPU.ActiveCfg = Release|Any CPU
		{BDADAFCC-95A5-48A8-8BE7-30FCCE2B463B}.Release|Any CPU.Build.0 = Release|Any CPU
		{0E120B05-23A5-4B69-8BBA-97CBA6034077}.Debug|Any CPU.ActiveCfg = Debug|Any CPU
		{0E120B05-23A5-4B69-8BBA-97CBA6034077}.Debug|Any CPU.Build.0 = Debug|Any CPU
		{0E120B05-23A5-4B69-8BBA-97CBA6034077}.Release|Any CPU.ActiveCfg = Release|Any CPU
		{0E120B05-23A5-4B69-8BBA-97CBA6034077}.Release|Any CPU.Build.0 = Release|Any CPU
		{67784A94-6AFB-4464-971E-BB31D6B31687}.Debug|Any CPU.ActiveCfg = Debug|Any CPU
		{67784A94-6AFB-4464-971E-BB31D6B31687}.Debug|Any CPU.Build.0 = Debug|Any CPU
		{67784A94-6AFB-4464-971E-BB31D6B31687}.Release|Any CPU.ActiveCfg = Release|Any CPU
		{67784A94-6AFB-4464-971E-BB31D6B31687}.Release|Any CPU.Build.0 = Release|Any CPU
		{30A308E0-00C4-47E2-87FE-8CA277220672}.Debug|Any CPU.ActiveCfg = Debug|Any CPU
		{30A308E0-00C4-47E2-87FE-8CA277220672}.Debug|Any CPU.Build.0 = Debug|Any CPU
		{30A308E0-00C4-47E2-87FE-8CA277220672}.Release|Any CPU.ActiveCfg = Release|Any CPU
		{30A308E0-00C4-47E2-87FE-8CA277220672}.Release|Any CPU.Build.0 = Release|Any CPU
		{9718A626-187B-4486-A7FE-9EF3F0A84581}.Debug|Any CPU.ActiveCfg = Debug|Any CPU
		{9718A626-187B-4486-A7FE-9EF3F0A84581}.Debug|Any CPU.Build.0 = Debug|Any CPU
		{9718A626-187B-4486-A7FE-9EF3F0A84581}.Release|Any CPU.ActiveCfg = Release|Any CPU
		{9718A626-187B-4486-A7FE-9EF3F0A84581}.Release|Any CPU.Build.0 = Release|Any CPU
		{FBC6415E-2BC4-41B2-BE37-2CAE5402DC75}.Debug|Any CPU.ActiveCfg = Debug|Any CPU
		{FBC6415E-2BC4-41B2-BE37-2CAE5402DC75}.Debug|Any CPU.Build.0 = Debug|Any CPU
		{FBC6415E-2BC4-41B2-BE37-2CAE5402DC75}.Release|Any CPU.ActiveCfg = Release|Any CPU
		{FBC6415E-2BC4-41B2-BE37-2CAE5402DC75}.Release|Any CPU.Build.0 = Release|Any CPU
		{30011EE1-2713-4BD1-8282-365355F5D4C6}.Debug|Any CPU.ActiveCfg = Debug|Any CPU
		{30011EE1-2713-4BD1-8282-365355F5D4C6}.Debug|Any CPU.Build.0 = Debug|Any CPU
		{30011EE1-2713-4BD1-8282-365355F5D4C6}.Release|Any CPU.ActiveCfg = Release|Any CPU
		{30011EE1-2713-4BD1-8282-365355F5D4C6}.Release|Any CPU.Build.0 = Release|Any CPU
	EndGlobalSection
	GlobalSection(SolutionProperties) = preSolution
		HideSolutionNode = FALSE
	EndGlobalSection
	GlobalSection(NestedProjects) = preSolution
		{BDADAFCC-95A5-48A8-8BE7-30FCCE2B463B} = {0445A973-5D06-45FE-9F52-4A832CC5C33F}
		{30A308E0-00C4-47E2-87FE-8CA277220672} = {0445A973-5D06-45FE-9F52-4A832CC5C33F}
		{67784A94-6AFB-4464-971E-BB31D6B31687} = {EA017852-631B-4D77-8DCC-939001B87E9C}
		{9718A626-187B-4486-A7FE-9EF3F0A84581} = {EA017852-631B-4D77-8DCC-939001B87E9C}
		{FBC6415E-2BC4-41B2-BE37-2CAE5402DC75} = {0BE974B2-A725-4B17-993E-49D26861C1CB}
		{30011EE1-2713-4BD1-8282-365355F5D4C6} = {BD3B981E-C084-42C4-8DA3-807B0AC47CBE}
	EndGlobalSection
EndGlobal
